
Microsoft Visual Studio Solution File, Format Version 12.00
# Visual Studio Version 17
VisualStudioVersion = 17.5.33502.453
MinimumVisualStudioVersion = 10.0.40219.1
Project("{FAE04EC0-301F-11D3-BF4B-00C04F79EFBC}") = "API_0", "API_0\API_0.csproj", "{FDD0C2FA-1733-488D-A1B2-7BDB651E59C9}"
EndProject
Global
	GlobalSection(SolutionConfigurationPlatforms) = preSolution
		Debug|Any CPU = Debug|Any CPU
		Release|Any CPU = Release|Any CPU
	EndGlobalSection
	GlobalSection(ProjectConfigurationPlatforms) = postSolution
		{FDD0C2FA-1733-488D-A1B2-7BDB651E59C9}.Debug|Any CPU.ActiveCfg = Debug|Any CPU
		{FDD0C2FA-1733-488D-A1B2-7BDB651E59C9}.Debug|Any CPU.Build.0 = Debug|Any CPU
		{FDD0C2FA-1733-488D-A1B2-7BDB651E59C9}.Release|Any CPU.ActiveCfg = Release|Any CPU
		{FDD0C2FA-1733-488D-A1B2-7BDB651E59C9}.Release|Any CPU.Build.0 = Release|Any CPU
	EndGlobalSection
	GlobalSection(SolutionProperties) = preSolution
		HideSolutionNode = FALSE
	EndGlobalSection
	GlobalSection(ExtensibilityGlobals) = postSolution
		SolutionGuid = {30B2A9B3-E8DF-4206-BB0C-C3F2C5DC891F}
	EndGlobalSection
EndGlobal
